// !$*UTF8*$!
{
	archiveVersion = 1;
	classes = {
	};
	objectVersion = 46;
	objects = {

/* Begin PBXBuildFile section */
		0443AB0F1B44D588007600DB /* Foundation.framework in Frameworks */ = {isa = PBXBuildFile; fileRef = 0443AB0E1B44D588007600DB /* Foundation.framework */; };
		0443AB111B44D588007600DB /* CoreGraphics.framework in Frameworks */ = {isa = PBXBuildFile; fileRef = 0443AB101B44D588007600DB /* CoreGraphics.framework */; };
		0443AB131B44D588007600DB /* UIKit.framework in Frameworks */ = {isa = PBXBuildFile; fileRef = 0443AB121B44D588007600DB /* UIKit.framework */; };
		0443AB191B44D588007600DB /* InfoPlist.strings in Resources */ = {isa = PBXBuildFile; fileRef = 0443AB171B44D588007600DB /* InfoPlist.strings */; };
		0443AB1B1B44D588007600DB /* main.m in Sources */ = {isa = PBXBuildFile; fileRef = 0443AB1A1B44D588007600DB /* main.m */; };
		0443AB1F1B44D588007600DB /* HCAppDelegate.m in Sources */ = {isa = PBXBuildFile; fileRef = 0443AB1E1B44D588007600DB /* HCAppDelegate.m */; };
		0443AB221B44D588007600DB /* Main.storyboard in Resources */ = {isa = PBXBuildFile; fileRef = 0443AB201B44D588007600DB /* Main.storyboard */; };
		0443AB251B44D588007600DB /* HCViewController.m in Sources */ = {isa = PBXBuildFile; fileRef = 0443AB241B44D588007600DB /* HCViewController.m */; };
		0443AB271B44D588007600DB /* Images.xcassets in Resources */ = {isa = PBXBuildFile; fileRef = 0443AB261B44D588007600DB /* Images.xcassets */; };
		0443AB2E1B44D588007600DB /* XCTest.framework in Frameworks */ = {isa = PBXBuildFile; fileRef = 0443AB2D1B44D588007600DB /* XCTest.framework */; };
		0443AB2F1B44D588007600DB /* Foundation.framework in Frameworks */ = {isa = PBXBuildFile; fileRef = 0443AB0E1B44D588007600DB /* Foundation.framework */; };
		0443AB301B44D588007600DB /* UIKit.framework in Frameworks */ = {isa = PBXBuildFile; fileRef = 0443AB121B44D588007600DB /* UIKit.framework */; };
		0443AB381B44D588007600DB /* InfoPlist.strings in Resources */ = {isa = PBXBuildFile; fileRef = 0443AB361B44D588007600DB /* InfoPlist.strings */; };
		0443AB3A1B44D588007600DB /* GCDDemoTests.m in Sources */ = {isa = PBXBuildFile; fileRef = 0443AB391B44D588007600DB /* GCDDemoTests.m */; };
/* End PBXBuildFile section */

/* Begin PBXContainerItemProxy section */
		0443AB311B44D588007600DB /* PBXContainerItemProxy */ = {
			isa = PBXContainerItemProxy;
			containerPortal = 0443AB031B44D588007600DB /* Project object */;
			proxyType = 1;
			remoteGlobalIDString = 0443AB0A1B44D588007600DB;
			remoteInfo = GCDDemo;
		};
/* End PBXContainerItemProxy section */

/* Begin PBXFileReference section */
		0443AB0B1B44D588007600DB /* GCDDemo.app */ = {isa = PBXFileReference; explicitFileType = wrapper.application; includeInIndex = 0; path = GCDDemo.app; sourceTree = BUILT_PRODUCTS_DIR; };
		0443AB0E1B44D588007600DB /* Foundation.framework */ = {isa = PBXFileReference; lastKnownFileType = wrapper.framework; name = Foundation.framework; path = System/Library/Frameworks/Foundation.framework; sourceTree = SDKROOT; };
		0443AB101B44D588007600DB /* CoreGraphics.framework */ = {isa = PBXFileReference; lastKnownFileType = wrapper.framework; name = CoreGraphics.framework; path = System/Library/Frameworks/CoreGraphics.framework; sourceTree = SDKROOT; };
		0443AB121B44D588007600DB /* UIKit.framework */ = {isa = PBXFileReference; lastKnownFileType = wrapper.framework; name = UIKit.framework; path = System/Library/Frameworks/UIKit.framework; sourceTree = SDKROOT; };
		0443AB161B44D588007600DB /* GCDDemo-Info.plist */ = {isa = PBXFileReference; lastKnownFileType = text.plist.xml; path = "GCDDemo-Info.plist"; sourceTree = "<group>"; };
		0443AB181B44D588007600DB /* en */ = {isa = PBXFileReference; lastKnownFileType = text.plist.strings; name = en; path = en.lproj/InfoPlist.strings; sourceTree = "<group>"; };
		0443AB1A1B44D588007600DB /* main.m */ = {isa = PBXFileReference; lastKnownFileType = sourcecode.c.objc; path = main.m; sourceTree = "<group>"; };
		0443AB1C1B44D588007600DB /* GCDDemo-Prefix.pch */ = {isa = PBXFileReference; lastKnownFileType = sourcecode.c.h; path = "GCDDemo-Prefix.pch"; sourceTree = "<group>"; };
		0443AB1D1B44D588007600DB /* HCAppDelegate.h */ = {isa = PBXFileReference; lastKnownFileType = sourcecode.c.h; path = HCAppDelegate.h; sourceTree = "<group>"; };
		0443AB1E1B44D588007600DB /* HCAppDelegate.m */ = {isa = PBXFileReference; lastKnownFileType = sourcecode.c.objc; path = HCAppDelegate.m; sourceTree = "<group>"; };
		0443AB211B44D588007600DB /* Base */ = {isa = PBXFileReference; lastKnownFileType = file.storyboard; name = Base; path = Base.lproj/Main.storyboard; sourceTree = "<group>"; };
		0443AB231B44D588007600DB /* HCViewController.h */ = {isa = PBXFileReference; lastKnownFileType = sourcecode.c.h; path = HCViewController.h; sourceTree = "<group>"; };
		0443AB241B44D588007600DB /* HCViewController.m */ = {isa = PBXFileReference; lastKnownFileType = sourcecode.c.objc; path = HCViewController.m; sourceTree = "<group>"; };
		0443AB261B44D588007600DB /* Images.xcassets */ = {isa = PBXFileReference; lastKnownFileType = folder.assetcatalog; path = Images.xcassets; sourceTree = "<group>"; };
		0443AB2C1B44D588007600DB /* GCDDemoTests.xctest */ = {isa = PBXFileReference; explicitFileType = wrapper.cfbundle; includeInIndex = 0; path = GCDDemoTests.xctest; sourceTree = BUILT_PRODUCTS_DIR; };
		0443AB2D1B44D588007600DB /* XCTest.framework */ = {isa = PBXFileReference; lastKnownFileType = wrapper.framework; name = XCTest.framework; path = Library/Frameworks/XCTest.framework; sourceTree = DEVELOPER_DIR; };
		0443AB351B44D588007600DB /* GCDDemoTests-Info.plist */ = {isa = PBXFileReference; lastKnownFileType = text.plist.xml; path = "GCDDemoTests-Info.plist"; sourceTree = "<group>"; };
		0443AB371B44D588007600DB /* en */ = {isa = PBXFileReference; lastKnownFileType = text.plist.strings; name = en; path = en.lproj/InfoPlist.strings; sourceTree = "<group>"; };
		0443AB391B44D588007600DB /* GCDDemoTests.m */ = {isa = PBXFileReference; lastKnownFileType = sourcecode.c.objc; path = GCDDemoTests.m; sourceTree = "<group>"; };
/* End PBXFileReference section */

/* Begin PBXFrameworksBuildPhase section */
		0443AB081B44D588007600DB /* Frameworks */ = {
			isa = PBXFrameworksBuildPhase;
			buildActionMask = 2147483647;
			files = (
				0443AB111B44D588007600DB /* CoreGraphics.framework in Frameworks */,
				0443AB131B44D588007600DB /* UIKit.framework in Frameworks */,
				0443AB0F1B44D588007600DB /* Foundation.framework in Frameworks */,
			);
			runOnlyForDeploymentPostprocessing = 0;
		};
		0443AB291B44D588007600DB /* Frameworks */ = {
			isa = PBXFrameworksBuildPhase;
			buildActionMask = 2147483647;
			files = (
				0443AB2E1B44D588007600DB /* XCTest.framework in Frameworks */,
				0443AB301B44D588007600DB /* UIKit.framework in Frameworks */,
				0443AB2F1B44D588007600DB /* Foundation.framework in Frameworks */,
			);
			runOnlyForDeploymentPostprocessing = 0;
		};
/* End PBXFrameworksBuildPhase section */

/* Begin PBXGroup section */
		0443AB021B44D588007600DB = {
			isa = PBXGroup;
			children = (
				0443AB141B44D588007600DB /* GCDDemo */,
				0443AB331B44D588007600DB /* GCDDemoTests */,
				0443AB0D1B44D588007600DB /* Frameworks */,
				0443AB0C1B44D588007600DB /* Products */,
			);
			sourceTree = "<group>";
		};
		0443AB0C1B44D588007600DB /* Products */ = {
			isa = PBXGroup;
			children = (
				0443AB0B1B44D588007600DB /* GCDDemo.app */,
				0443AB2C1B44D588007600DB /* GCDDemoTests.xctest */,
			);
			name = Products;
			sourceTree = "<group>";
		};
		0443AB0D1B44D588007600DB /* Frameworks */ = {
			isa = PBXGroup;
			children = (
				0443AB0E1B44D588007600DB /* Foundation.framework */,
				0443AB101B44D588007600DB /* CoreGraphics.framework */,
				0443AB121B44D588007600DB /* UIKit.framework */,
				0443AB2D1B44D588007600DB /* XCTest.framework */,
			);
			name = Frameworks;
			sourceTree = "<group>";
		};
		0443AB141B44D588007600DB /* GCDDemo */ = {
			isa = PBXGroup;
			children = (
				0443AB1D1B44D588007600DB /* HCAppDelegate.h */,
				0443AB1E1B44D588007600DB /* HCAppDelegate.m */,
				0443AB201B44D588007600DB /* Main.storyboard */,
				0443AB231B44D588007600DB /* HCViewController.h */,
				0443AB241B44D588007600DB /* HCViewController.m */,
				0443AB261B44D588007600DB /* Images.xcassets */,
				0443AB151B44D588007600DB /* Supporting Files */,
			);
			path = GCDDemo;
			sourceTree = "<group>";
		};
		0443AB151B44D588007600DB /* Supporting Files */ = {
			isa = PBXGroup;
			children = (
				0443AB161B44D588007600DB /* GCDDemo-Info.plist */,
				0443AB171B44D588007600DB /* InfoPlist.strings */,
				0443AB1A1B44D588007600DB /* main.m */,
				0443AB1C1B44D588007600DB /* GCDDemo-Prefix.pch */,
			);
			name = "Supporting Files";
			sourceTree = "<group>";
		};
		0443AB331B44D588007600DB /* GCDDemoTests */ = {
			isa = PBXGroup;
			children = (
				0443AB391B44D588007600DB /* GCDDemoTests.m */,
				0443AB341B44D588007600DB /* Supporting Files */,
			);
			path = GCDDemoTests;
			sourceTree = "<group>";
		};
		0443AB341B44D588007600DB /* Supporting Files */ = {
			isa = PBXGroup;
			children = (
				0443AB351B44D588007600DB /* GCDDemoTests-Info.plist */,
				0443AB361B44D588007600DB /* InfoPlist.strings */,
			);
			name = "Supporting Files";
			sourceTree = "<group>";
		};
/* End PBXGroup section */

/* Begin PBXNativeTarget section */
		0443AB0A1B44D588007600DB /* GCDDemo */ = {
			isa = PBXNativeTarget;
			buildConfigurationList = 0443AB3D1B44D588007600DB /* Build configuration list for PBXNativeTarget "GCDDemo" */;
			buildPhases = (
				0443AB071B44D588007600DB /* Sources */,
				0443AB081B44D588007600DB /* Frameworks */,
				0443AB091B44D588007600DB /* Resources */,
			);
			buildRules = (
			);
			dependencies = (
			);
			name = GCDDemo;
			productName = GCDDemo;
			productReference = 0443AB0B1B44D588007600DB /* GCDDemo.app */;
			productType = "com.apple.product-type.application";
		};
		0443AB2B1B44D588007600DB /* GCDDemoTests */ = {
			isa = PBXNativeTarget;
			buildConfigurationList = 0443AB401B44D588007600DB /* Build configuration list for PBXNativeTarget "GCDDemoTests" */;
			buildPhases = (
				0443AB281B44D588007600DB /* Sources */,
				0443AB291B44D588007600DB /* Frameworks */,
				0443AB2A1B44D588007600DB /* Resources */,
			);
			buildRules = (
			);
			dependencies = (
				0443AB321B44D588007600DB /* PBXTargetDependency */,
			);
			name = GCDDemoTests;
			productName = GCDDemoTests;
			productReference = 0443AB2C1B44D588007600DB /* GCDDemoTests.xctest */;
			productType = "com.apple.product-type.bundle.unit-test";
		};
/* End PBXNativeTarget section */

/* Begin PBXProject section */
		0443AB031B44D588007600DB /* Project object */ = {
			isa = PBXProject;
			attributes = {
				CLASSPREFIX = HC;
				LastUpgradeCheck = 0510;
				ORGANIZATIONNAME = "Hungry Wolf";
				TargetAttributes = {
					0443AB2B1B44D588007600DB = {
						TestTargetID = 0443AB0A1B44D588007600DB;
					};
				};
			};
			buildConfigurationList = 0443AB061B44D588007600DB /* Build configuration list for PBXProject "GCDDemo" */;
			compatibilityVersion = "Xcode 3.2";
			developmentRegion = English;
			hasScannedForEncodings = 0;
			knownRegions = (
				en,
				Base,
			);
			mainGroup = 0443AB021B44D588007600DB;
			productRefGroup = 0443AB0C1B44D588007600DB /* Products */;
			projectDirPath = "";
			projectRoot = "";
			targets = (
				0443AB0A1B44D588007600DB /* GCDDemo */,
				0443AB2B1B44D588007600DB /* GCDDemoTests */,
			);
		};
/* End PBXProject section */

/* Begin PBXResourcesBuildPhase section */
		0443AB091B44D588007600DB /* Resources */ = {
			isa = PBXResourcesBuildPhase;
			buildActionMask = 2147483647;
			files = (
				0443AB271B44D588007600DB /* Images.xcassets in Resources */,
				0443AB191B44D588007600DB /* InfoPlist.strings in Resources */,
				0443AB221B44D588007600DB /* Main.storyboard in Resources */,
			);
			runOnlyForDeploymentPostprocessing = 0;
		};
		0443AB2A1B44D588007600DB /* Resources */ = {
			isa = PBXResourcesBuildPhase;
			buildActionMask = 2147483647;
			files = (
				0443AB381B44D588007600DB /* InfoPlist.strings in Resources */,
			);
			runOnlyForDeploymentPostprocessing = 0;
		};
/* End PBXResourcesBuildPhase section */

/* Begin PBXSourcesBuildPhase section */
		0443AB071B44D588007600DB /* Sources */ = {
			isa = PBXSourcesBuildPhase;
			buildActionMask = 2147483647;
			files = (
				0443AB251B44D588007600DB /* HCViewController.m in Sources */,
				0443AB1B1B44D588007600DB /* main.m in Sources */,
				0443AB1F1B44D588007600DB /* HCAppDelegate.m in Sources */,
			);
			runOnlyForDeploymentPostprocessing = 0;
		};
		0443AB281B44D588007600DB /* Sources */ = {
			isa = PBXSourcesBuildPhase;
			buildActionMask = 2147483647;
			files = (
				0443AB3A1B44D588007600DB /* GCDDemoTests.m in Sources */,
			);
			runOnlyForDeploymentPostprocessing = 0;
		};
/* End PBXSourcesBuildPhase section */

/* Begin PBXTargetDependency section */
		0443AB321B44D588007600DB /* PBXTargetDependency */ = {
			isa = PBXTargetDependency;
			target = 0443AB0A1B44D588007600DB /* GCDDemo */;
			targetProxy = 0443AB311B44D588007600DB /* PBXContainerItemProxy */;
		};
/* End PBXTargetDependency section */

/* Begin PBXVariantGroup section */
		0443AB171B44D588007600DB /* InfoPlist.strings */ = {
			isa = PBXVariantGroup;
			children = (
				0443AB181B44D588007600DB /* en */,
			);
			name = InfoPlist.strings;
			sourceTree = "<group>";
		};
		0443AB201B44D588007600DB /* Main.storyboard */ = {
			isa = PBXVariantGroup;
			children = (
				0443AB211B44D588007600DB /* Base */,
			);
			name = Main.storyboard;
			sourceTree = "<group>";
		};
		0443AB361B44D588007600DB /* InfoPlist.strings */ = {
			isa = PBXVariantGroup;
			children = (
				0443AB371B44D588007600DB /* en */,
			);
			name = InfoPlist.strings;
			sourceTree = "<group>";
		};
/* End PBXVariantGroup section */

/* Begin XCBuildConfiguration section */
		0443AB3B1B44D588007600DB /* Debug */ = {
			isa = XCBuildConfiguration;
			buildSettings = {
				ALWAYS_SEARCH_USER_PATHS = NO;
				CLANG_CXX_LANGUAGE_STANDARD = "gnu++0x";
				CLANG_CXX_LIBRARY = "libc++";
				CLANG_ENABLE_MODULES = YES;
				CLANG_ENABLE_OBJC_ARC = YES;
				CLANG_WARN_BOOL_CONVERSION = YES;
				CLANG_WARN_CONSTANT_CONVERSION = YES;
				CLANG_WARN_DIRECT_OBJC_ISA_USAGE = YES_ERROR;
				CLANG_WARN_EMPTY_BODY = YES;
				CLANG_WARN_ENUM_CONVERSION = YES;
				CLANG_WARN_INT_CONVERSION = YES;
				CLANG_WARN_OBJC_ROOT_CLASS = YES_ERROR;
				CLANG_WARN__DUPLICATE_METHOD_MATCH = YES;
				"CODE_SIGN_IDENTITY[sdk=iphoneos*]" = "iPhone Developer";
				COPY_PHASE_STRIP = NO;
				GCC_C_LANGUAGE_STANDARD = gnu99;
				GCC_DYNAMIC_NO_PIC = NO;
				GCC_OPTIMIZATION_LEVEL = 0;
				GCC_PREPROCESSOR_DEFINITIONS = (
					"DEBUG=1",
					"$(inherited)",
				);
				GCC_SYMBOLS_PRIVATE_EXTERN = NO;
				GCC_WARN_64_TO_32_BIT_CONVERSION = YES;
				GCC_WARN_ABOUT_RETURN_TYPE = YES_ERROR;
				GCC_WARN_UNDECLARED_SELECTOR = YES;
				GCC_WARN_UNINITIALIZED_AUTOS = YES_AGGRESSIVE;
				GCC_WARN_UNUSED_FUNCTION = YES;
				GCC_WARN_UNUSED_VARIABLE = YES;
				IPHONEOS_DEPLOYMENT_TARGET = 7.1;
				ONLY_ACTIVE_ARCH = YES;
				SDKROOT = iphoneos;
			};
			name = Debug;
		};
		0443AB3C1B44D588007600DB /* Release */ = {
			isa = XCBuildConfiguration;
			buildSettings = {
				ALWAYS_SEARCH_USER_PATHS = NO;
				CLANG_CXX_LANGUAGE_STANDARD = "gnu++0x";
				CLANG_CXX_LIBRARY = "libc++";
				CLANG_ENABLE_MODULES = YES;
				CLANG_ENABLE_OBJC_ARC = YES;
				CLANG_WARN_BOOL_CONVERSION = YES;
				CLANG_WARN_CONSTANT_CONVERSION = YES;
				CLANG_WARN_DIRECT_OBJC_ISA_USAGE = YES_ERROR;
				CLANG_WARN_EMPTY_BODY = YES;
				CLANG_WARN_ENUM_CONVERSION = YES;
				CLANG_WARN_INT_CONVERSION = YES;
				CLANG_WARN_OBJC_ROOT_CLASS = YES_ERROR;
				CLANG_WARN__DUPLICATE_METHOD_MATCH = YES;
				"CODE_SIGN_IDENTITY[sdk=iphoneos*]" = "iPhone Developer";
				COPY_PHASE_STRIP = YES;
				ENABLE_NS_ASSERTIONS = NO;
				GCC_C_LANGUAGE_STANDARD = gnu99;
				GCC_WARN_64_TO_32_BIT_CONVERSION = YES;
				GCC_WARN_ABOUT_RETURN_TYPE = YES_ERROR;
				GCC_WARN_UNDECLARED_SELECTOR = YES;
				GCC_WARN_UNINITIALIZED_AUTOS = YES_AGGRESSIVE;
				GCC_WARN_UNUSED_FUNCTION = YES;
				GCC_WARN_UNUSED_VARIABLE = YES;
				IPHONEOS_DEPLOYMENT_TARGET = 7.1;
				SDKROOT = iphoneos;
				VALIDATE_PRODUCT = YES;
			};
			name = Release;
		};
		0443AB3E1B44D588007600DB /* Debug */ = {
			isa = XCBuildConfiguration;
			buildSettings = {
				ASSETCATALOG_COMPILER_APPICON_NAME = AppIcon;
				ASSETCATALOG_COMPILER_LAUNCHIMAGE_NAME = LaunchImage;
				GCC_PRECOMPILE_PREFIX_HEADER = YES;
				GCC_PREFIX_HEADER = "GCDDemo/GCDDemo-Prefix.pch";
				INFOPLIST_FILE = "GCDDemo/GCDDemo-Info.plist";
				PRODUCT_NAME = "$(TARGET_NAME)";
				WRAPPER_EXTENSION = app;
			};
			name = Debug;
		};
		0443AB3F1B44D588007600DB /* Release */ = {
			isa = XCBuildConfiguration;
			buildSettings = {
				ASSETCATALOG_COMPILER_APPICON_NAME = AppIcon;
				ASSETCATALOG_COMPILER_LAUNCHIMAGE_NAME = LaunchImage;
				GCC_PRECOMPILE_PREFIX_HEADER = YES;
				GCC_PREFIX_HEADER = "GCDDemo/GCDDemo-Prefix.pch";
				INFOPLIST_FILE = "GCDDemo/GCDDemo-Info.plist";
				PRODUCT_NAME = "$(TARGET_NAME)";
				WRAPPER_EXTENSION = app;
			};
			name = Release;
		};
		0443AB411B44D588007600DB /* Debug */ = {
			isa = XCBuildConfiguration;
			buildSettings = {
				BUNDLE_LOADER = "$(BUILT_PRODUCTS_DIR)/GCDDemo.app/GCDDemo";
				FRAMEWORK_SEARCH_PATHS = (
					"$(SDKROOT)/Developer/Library/Frameworks",
					"$(inherited)",
					"$(DEVELOPER_FRAMEWORKS_DIR)",
				);
				GCC_PRECOMPILE_PREFIX_HEADER = YES;
				GCC_PREFIX_HEADER = "GCDDemo/GCDDemo-Prefix.pch";
				GCC_PREPROCESSOR_DEFINITIONS = (
					"DEBUG=1",
					"$(inherited)",
				);
				INFOPLIST_FILE = "GCDDemoTests/GCDDemoTests-Info.plist";
				PRODUCT_NAME = "$(TARGET_NAME)";
				TEST_HOST = "$(BUNDLE_LOADER)";
				WRAPPER_EXTENSION = xctest;
			};
			name = Debug;
		};
		0443AB421B44D588007600DB /* Release */ = {
			isa = XCBuildConfiguration;
			buildSettings = {
				BUNDLE_LOADER = "$(BUILT_PRODUCTS_DIR)/GCDDemo.app/GCDDemo";
				FRAMEWORK_SEARCH_PATHS = (
					"$(SDKROOT)/Developer/Library/Frameworks",
					"$(inherited)",
					"$(DEVELOPER_FRAMEWORKS_DIR)",
				);
				GCC_PRECOMPILE_PREFIX_HEADER = YES;
				GCC_PREFIX_HEADER = "GCDDemo/GCDDemo-Prefix.pch";
				INFOPLIST_FILE = "GCDDemoTests/GCDDemoTests-Info.plist";
				PRODUCT_NAME = "$(TARGET_NAME)";
				TEST_HOST = "$(BUNDLE_LOADER)";
				WRAPPER_EXTENSION = xctest;
			};
			name = Release;
		};
/* End XCBuildConfiguration section */

/* Begin XCConfigurationList section */
		0443AB061B44D588007600DB /* Build configuration list for PBXProject "GCDDemo" */ = {
			isa = XCConfigurationList;
			buildConfigurations = (
				0443AB3B1B44D588007600DB /* Debug */,
				0443AB3C1B44D588007600DB /* Release */,
			);
			defaultConfigurationIsVisible = 0;
			defaultConfigurationName = Release;
		};
		0443AB3D1B44D588007600DB /* Build configuration list for PBXNativeTarget "GCDDemo" */ = {
			isa = XCConfigurationList;
			buildConfigurations = (
				0443AB3E1B44D588007600DB /* Debug */,
				0443AB3F1B44D588007600DB /* Release */,
			);
			defaultConfigurationIsVisible = 0;
		};
		0443AB401B44D588007600DB /* Build configuration list for PBXNativeTarget "GCDDemoTests" */ = {
			isa = XCConfigurationList;
			buildConfigurations = (
				0443AB411B44D588007600DB /* Debug */,
				0443AB421B44D588007600DB /* Release */,
			);
			defaultConfigurationIsVisible = 0;
		};
/* End XCConfigurationList section */
	};
	rootObject = 0443AB031B44D588007600DB /* Project object */;
}
